
Microsoft Visual Studio Solution File, Format Version 12.00
# Visual Studio Version 17
VisualStudioVersion = 17.14.36121.58 d17.14
MinimumVisualStudioVersion = 10.0.40219.1
Project("{FAE04EC0-301F-11D3-BF4B-00C04F79EFBC}") = "DinhTienManh_Ontap5", "DinhTienManh_Ontap5\DinhTienManh_Ontap5.csproj", "{45189D14-8DFE-4DB5-96DE-B6EF167A181F}"
EndProject
Project("{FAE04EC0-301F-11D3-BF4B-00C04F79EFBC}") = "Web_PhongBan+NhanVien", "Web_PhongBan+NhanVien\Web_PhongBan+NhanVien.csproj", "{EB11C8B3-DF2A-4728-ADEC-CCA062BD23F0}"
EndProject
Global
	GlobalSection(SolutionConfigurationPlatforms) = preSolution
		Debug|Any CPU = Debug|Any CPU
		Release|Any CPU = Release|Any CPU
	EndGlobalSection
	GlobalSection(ProjectConfigurationPlatforms) = postSolution
		{45189D14-8DFE-4DB5-96DE-B6EF167A181F}.Debug|Any CPU.ActiveCfg = Debug|Any CPU
		{45189D14-8DFE-4DB5-96DE-B6EF167A181F}.Debug|Any CPU.Build.0 = Debug|Any CPU
		{45189D14-8DFE-4DB5-96DE-B6EF167A181F}.Release|Any CPU.ActiveCfg = Release|Any CPU
		{45189D14-8DFE-4DB5-96DE-B6EF167A181F}.Release|Any CPU.Build.0 = Release|Any CPU
		{EB11C8B3-DF2A-4728-ADEC-CCA062BD23F0}.Debug|Any CPU.ActiveCfg = Debug|Any CPU
		{EB11C8B3-DF2A-4728-ADEC-CCA062BD23F0}.Debug|Any CPU.Build.0 = Debug|Any CPU
		{EB11C8B3-DF2A-4728-ADEC-CCA062BD23F0}.Release|Any CPU.ActiveCfg = Release|Any CPU
		{EB11C8B3-DF2A-4728-ADEC-CCA062BD23F0}.Release|Any CPU.Build.0 = Release|Any CPU
	EndGlobalSection
	GlobalSection(SolutionProperties) = preSolution
		HideSolutionNode = FALSE
	EndGlobalSection
	GlobalSection(ExtensibilityGlobals) = postSolution
		SolutionGuid = {85D8AE7A-96AF-44DD-AA0D-B0C0804DD06C}
	EndGlobalSection
EndGlobal
